{
  "name": "CreateWebhook",
  "version": "1.0.0",
  "lockfileVersion": 1,
  "requires": true,
  "dependencies": {
    "ping.js": {
      "version": "0.3.0",
      "resolved": "https://registry.npmjs.org/ping.js/-/ping.js-0.3.0.tgz",
      "integrity": "sha512-qisFwio7j0cwYbOcRL4BlTdxKALcpGPTkpl8ichGASgkrVqfI3sZfQDsP8wETR5rfutXZJLjlJ117aLkRnk2mA=="
    },
    "xmlhttprequest": {
      "version": "1.8.0",
      "resolved": "https://registry.npmjs.org/xmlhttprequest/-/xmlhttprequest-1.8.0.tgz",
      "integrity": "sha1-Z/4HXFwk/vOfnWX197f+dRcZaPw="
    }
  }
}
